
Microsoft Visual Studio Solution File, Format Version 12.00
# Visual Studio Version 16
VisualStudioVersion = 16.0.30011.22
MinimumVisualStudioVersion = 10.0.40219.1
Project("{FAE04EC0-301F-11D3-BF4B-00C04F79EFBC}") = "WpfApp2", "WpfApp2\WpfApp2.csproj", "{C28C79F6-6A55-4DAA-B6B7-417FDC4D20F8}"
EndProject
Global
	GlobalSection(SolutionConfigurationPlatforms) = preSolution
		Debug|Any CPU = Debug|Any CPU
		Release|Any CPU = Release|Any CPU
	EndGlobalSection
	GlobalSection(ProjectConfigurationPlatforms) = postSolution
		{C28C79F6-6A55-4DAA-B6B7-417FDC4D20F8}.Debug|Any CPU.ActiveCfg = Debug|Any CPU
		{C28C79F6-6A55-4DAA-B6B7-417FDC4D20F8}.Debug|Any CPU.Build.0 = Debug|Any CPU
		{C28C79F6-6A55-4DAA-B6B7-417FDC4D20F8}.Release|Any CPU.ActiveCfg = Release|Any CPU
		{C28C79F6-6A55-4DAA-B6B7-417FDC4D20F8}.Release|Any CPU.Build.0 = Release|Any CPU
	EndGlobalSection
	GlobalSection(SolutionProperties) = preSolution
		HideSolutionNode = FALSE
	EndGlobalSection
	GlobalSection(ExtensibilityGlobals) = postSolution
		SolutionGuid = {260AE079-77E2-42B7-8E95-70A7FB096442}
	EndGlobalSection
EndGlobal
